// !$*UTF8*$!
{
	archiveVersion = 1;
	classes = {
	};
	objectVersion = 55;
	objects = {

/* Begin PBXBuildFile section */
		AB02A4D327EB57C900EC8C31 /* Publisher+asResult.swift in Sources */ = {isa = PBXBuildFile; fileRef = AB02A4D227EB57C900EC8C31 /* Publisher+asResult.swift */; };
		AB02A4D527EB771300EC8C31 /* MovieDetailHeaderView.swift in Sources */ = {isa = PBXBuildFile; fileRef = AB02A4D427EB771300EC8C31 /* MovieDetailHeaderView.swift */; };
		AB02A4D727EBB58E00EC8C31 /* VideosListView.swift in Sources */ = {isa = PBXBuildFile; fileRef = AB02A4D627EBB58E00EC8C31 /* VideosListView.swift */; };
		AB02A4D927EBCC1E00EC8C31 /* LinkView.swift in Sources */ = {isa = PBXBuildFile; fileRef = AB02A4D827EBCC1E00EC8C31 /* LinkView.swift */; };
		AB02A4DB27EBCCE200EC8C31 /* Gallery.swift in Sources */ = {isa = PBXBuildFile; fileRef = AB02A4DA27EBCCE200EC8C31 /* Gallery.swift */; };
		AB02A4DD27EBDF0B00EC8C31 /* RequestableProtocol.swift in Sources */ = {isa = PBXBuildFile; fileRef = AB02A4DC27EBDF0B00EC8C31 /* RequestableProtocol.swift */; };
		AB02A4DF27EBED5A00EC8C31 /* NetworkRequest.swift in Sources */ = {isa = PBXBuildFile; fileRef = AB02A4DE27EBED5A00EC8C31 /* NetworkRequest.swift */; };
		AB02A4E127EBED8400EC8C31 /* HTTPMethod.swift in Sources */ = {isa = PBXBuildFile; fileRef = AB02A4E027EBED8400EC8C31 /* HTTPMethod.swift */; };
		AB28A55727E4EB140019A330 /* Movies_SwiftUIApp.swift in Sources */ = {isa = PBXBuildFile; fileRef = AB28A55627E4EB140019A330 /* Movies_SwiftUIApp.swift */; };
		AB28A55927E4EB140019A330 /* PopularMoviesScreen.swift in Sources */ = {isa = PBXBuildFile; fileRef = AB28A55827E4EB140019A330 /* PopularMoviesScreen.swift */; };
		AB28A55B27E4EB160019A330 /* Assets.xcassets in Resources */ = {isa = PBXBuildFile; fileRef = AB28A55A27E4EB160019A330 /* Assets.xcassets */; };
		AB28A55E27E4EB160019A330 /* Preview Assets.xcassets in Resources */ = {isa = PBXBuildFile; fileRef = AB28A55D27E4EB160019A330 /* Preview Assets.xcassets */; };
		AB28A56827E4EB170019A330 /* Movies_SwiftUITests.swift in Sources */ = {isa = PBXBuildFile; fileRef = AB28A56727E4EB170019A330 /* Movies_SwiftUITests.swift */; };
		AB28A57227E4EB170019A330 /* Movies_SwiftUIUITests.swift in Sources */ = {isa = PBXBuildFile; fileRef = AB28A57127E4EB170019A330 /* Movies_SwiftUIUITests.swift */; };
		AB28A57427E4EB170019A330 /* Movies_SwiftUIUITestsLaunchTests.swift in Sources */ = {isa = PBXBuildFile; fileRef = AB28A57327E4EB170019A330 /* Movies_SwiftUIUITestsLaunchTests.swift */; };
		AB28A58327E4EBEB0019A330 /* Keys.swift in Sources */ = {isa = PBXBuildFile; fileRef = AB28A58227E4EBEB0019A330 /* Keys.swift */; };
		AB28A5C727E5443A0019A330 /* FetchPopularService.swift in Sources */ = {isa = PBXBuildFile; fileRef = AB28A5C627E5443A0019A330 /* FetchPopularService.swift */; };
		AB28A5CA27E54CE20019A330 /* PopularMoviesViewModel.swift in Sources */ = {isa = PBXBuildFile; fileRef = AB28A5C927E54CE20019A330 /* PopularMoviesViewModel.swift */; };
		AB28A5CD27E54D9E0019A330 /* PopularMovieModel.swift in Sources */ = {isa = PBXBuildFile; fileRef = AB28A5CC27E54D9E0019A330 /* PopularMovieModel.swift */; };
		AB28A5CF27E57CA00019A330 /* APIError.swift in Sources */ = {isa = PBXBuildFile; fileRef = AB28A5CE27E57CA00019A330 /* APIError.swift */; };
		AB28A5D127E57CC30019A330 /* ErrorResponse.swift in Sources */ = {isa = PBXBuildFile; fileRef = AB28A5D027E57CC30019A330 /* ErrorResponse.swift */; };
		AB28A5D427E5858D0019A330 /* Publisher+Retry.swift in Sources */ = {isa = PBXBuildFile; fileRef = AB28A5D327E5858D0019A330 /* Publisher+Retry.swift */; };
		AB28A5D627E585D10019A330 /* Publisher+Dump.swift in Sources */ = {isa = PBXBuildFile; fileRef = AB28A5D527E585D10019A330 /* Publisher+Dump.swift */; };
		AB58E92427EA30C600CC3FCB /* Spinner.swift in Sources */ = {isa = PBXBuildFile; fileRef = AB58E92327EA30C600CC3FCB /* Spinner.swift */; };
		AB58E92627EA467100CC3FCB /* PopularMovieRow.swift in Sources */ = {isa = PBXBuildFile; fileRef = AB58E92527EA467100CC3FCB /* PopularMovieRow.swift */; };
		AB58E92C27EA4B6B00CC3FCB /* NukeUI in Frameworks */ = {isa = PBXBuildFile; productRef = AB58E92B27EA4B6B00CC3FCB /* NukeUI */; };
		AB58E92E27EA5B5700CC3FCB /* View+Placeholder.swift in Sources */ = {isa = PBXBuildFile; fileRef = AB58E92D27EA5B5700CC3FCB /* View+Placeholder.swift */; };
		AB58E93027EA5E0900CC3FCB /* ProgressBar.swift in Sources */ = {isa = PBXBuildFile; fileRef = AB58E92F27EA5E0900CC3FCB /* ProgressBar.swift */; };
		AB58E93227EA673C00CC3FCB /* PopularMoviesList.swift in Sources */ = {isa = PBXBuildFile; fileRef = AB58E93127EA673C00CC3FCB /* PopularMoviesList.swift */; };
		AB58E93627EA679F00CC3FCB /* Helper.swift in Sources */ = {isa = PBXBuildFile; fileRef = AB58E93527EA679F00CC3FCB /* Helper.swift */; };
		AB58E93827EA67DF00CC3FCB /* Helper+Models.swift in Sources */ = {isa = PBXBuildFile; fileRef = AB58E93727EA67DF00CC3FCB /* Helper+Models.swift */; };
		AB58E93A27EA6B9E00CC3FCB /* APIConstants.swift in Sources */ = {isa = PBXBuildFile; fileRef = AB58E93927EA6B9E00CC3FCB /* APIConstants.swift */; };
		AB58E93D27EA70BB00CC3FCB /* TabViewScreen.swift in Sources */ = {isa = PBXBuildFile; fileRef = AB58E93C27EA70BB00CC3FCB /* TabViewScreen.swift */; };
		AB599F6E27EA888400DB4C8E /* MovieDetailScreen.swift in Sources */ = {isa = PBXBuildFile; fileRef = AB599F6D27EA888400DB4C8E /* MovieDetailScreen.swift */; };
		AB599F7027EA8C3800DB4C8E /* UIApplication+Extension.swift in Sources */ = {isa = PBXBuildFile; fileRef = AB599F6F27EA8C3800DB4C8E /* UIApplication+Extension.swift */; };
		AB599F7227EA8C8500DB4C8E /* View+statusBarStyle.swift in Sources */ = {isa = PBXBuildFile; fileRef = AB599F7127EA8C8500DB4C8E /* View+statusBarStyle.swift */; };
		AB599F7427EA8CC800DB4C8E /* RootView.swift in Sources */ = {isa = PBXBuildFile; fileRef = AB599F7327EA8CC800DB4C8E /* RootView.swift */; };
		AB599F7627EA8D1900DB4C8E /* HostingController.swift in Sources */ = {isa = PBXBuildFile; fileRef = AB599F7527EA8D1900DB4C8E /* HostingController.swift */; };
		AB599F7927EA8F6F00DB4C8E /* ImageLoader.swift in Sources */ = {isa = PBXBuildFile; fileRef = AB599F7827EA8F6F00DB4C8E /* ImageLoader.swift */; };
		AB599F7C27EA9DEF00DB4C8E /* FetchMovieDetailService.swift in Sources */ = {isa = PBXBuildFile; fileRef = AB599F7B27EA9DEF00DB4C8E /* FetchMovieDetailService.swift */; };
		AB599F7F27EA9E8D00DB4C8E /* MovieDetailModel.swift in Sources */ = {isa = PBXBuildFile; fileRef = AB599F7E27EA9E8D00DB4C8E /* MovieDetailModel.swift */; };
		AB599F8127EAA24100DB4C8E /* MovieDetailResult.swift in Sources */ = {isa = PBXBuildFile; fileRef = AB599F8027EAA24100DB4C8E /* MovieDetailResult.swift */; };
		AB599F8327EAA26200DB4C8E /* MovieDetailVideos.swift in Sources */ = {isa = PBXBuildFile; fileRef = AB599F8227EAA26200DB4C8E /* MovieDetailVideos.swift */; };
		AB599F8527EAA27B00DB4C8E /* SpokenLanguage.swift in Sources */ = {isa = PBXBuildFile; fileRef = AB599F8427EAA27B00DB4C8E /* SpokenLanguage.swift */; };
		AB599F8727EAA29600DB4C8E /* ProductionCountry.swift in Sources */ = {isa = PBXBuildFile; fileRef = AB599F8627EAA29600DB4C8E /* ProductionCountry.swift */; };
		AB599F8927EAA2AD00DB4C8E /* ProductionCompany.swift in Sources */ = {isa = PBXBuildFile; fileRef = AB599F8827EAA2AD00DB4C8E /* ProductionCompany.swift */; };
		AB599F8B27EAA2D200DB4C8E /* MovieBackdrop.swift in Sources */ = {isa = PBXBuildFile; fileRef = AB599F8A27EAA2D200DB4C8E /* MovieBackdrop.swift */; };
		AB599F8D27EAA2EC00DB4C8E /* MovieDetailImages.swift in Sources */ = {isa = PBXBuildFile; fileRef = AB599F8C27EAA2EC00DB4C8E /* MovieDetailImages.swift */; };
		AB599F8F27EAA35800DB4C8E /* MovieGenre.swift in Sources */ = {isa = PBXBuildFile; fileRef = AB599F8E27EAA35800DB4C8E /* MovieGenre.swift */; };
		AB599F9127EAA37A00DB4C8E /* BelongsToCollection.swift in Sources */ = {isa = PBXBuildFile; fileRef = AB599F9027EAA37A00DB4C8E /* BelongsToCollection.swift */; };
		AB599F9427EAA94600DB4C8E /* MovieDetailViewModel.swift in Sources */ = {isa = PBXBuildFile; fileRef = AB599F9327EAA94600DB4C8E /* MovieDetailViewModel.swift */; };
		AB81527E27ED039400FE744C /* SearcherScreen.swift in Sources */ = {isa = PBXBuildFile; fileRef = AB81527D27ED039400FE744C /* SearcherScreen.swift */; };
		AB81528127ED04B200FE744C /* MultiSearchModel.swift in Sources */ = {isa = PBXBuildFile; fileRef = AB81528027ED04B200FE744C /* MultiSearchModel.swift */; };
		AB81528327ED059D00FE744C /* MultiSearchResultModel.swift in Sources */ = {isa = PBXBuildFile; fileRef = AB81528227ED059D00FE744C /* MultiSearchResultModel.swift */; };
		AB81528527ED05C900FE744C /* KnownForModel.swift in Sources */ = {isa = PBXBuildFile; fileRef = AB81528427ED05C900FE744C /* KnownForModel.swift */; };
		AB81528727ED05F300FE744C /* MediaTypeModel.swift in Sources */ = {isa = PBXBuildFile; fileRef = AB81528627ED05F200FE744C /* MediaTypeModel.swift */; };
		ABDA843627EBEDED00FE7AC7 /* Encodable+encode.swift in Sources */ = {isa = PBXBuildFile; fileRef = ABDA843527EBEDED00FE7AC7 /* Encodable+encode.swift */; };
		ABDA843827EBEE2D00FE7AC7 /* NativeRequestable.swift in Sources */ = {isa = PBXBuildFile; fileRef = ABDA843727EBEE2D00FE7AC7 /* NativeRequestable.swift */; };
		ABDA843A27EBF9DC00FE7AC7 /* PopularServiceEndpoints.swift in Sources */ = {isa = PBXBuildFile; fileRef = ABDA843927EBF9DB00FE7AC7 /* PopularServiceEndpoints.swift */; };
		ABDA843C27EBFCB200FE7AC7 /* MovieDetailEndpoints.swift in Sources */ = {isa = PBXBuildFile; fileRef = ABDA843B27EBFCB200FE7AC7 /* MovieDetailEndpoints.swift */; };
/* End PBXBuildFile section */

/* Begin PBXContainerItemProxy section */
		AB28A56427E4EB170019A330 /* PBXContainerItemProxy */ = {
			isa = PBXContainerItemProxy;
			containerPortal = AB28A54B27E4EB140019A330 /* Project object */;
			proxyType = 1;
			remoteGlobalIDString = AB28A55227E4EB140019A330;
			remoteInfo = "Movies+SwiftUI";
		};
		AB28A56E27E4EB170019A330 /* PBXContainerItemProxy */ = {
			isa = PBXContainerItemProxy;
			containerPortal = AB28A54B27E4EB140019A330 /* Project object */;
			proxyType = 1;
			remoteGlobalIDString = AB28A55227E4EB140019A330;
			remoteInfo = "Movies+SwiftUI";
		};
/* End PBXContainerItemProxy section */

/* Begin PBXFileReference section */
		AB02A4D227EB57C900EC8C31 /* Publisher+asResult.swift */ = {isa = PBXFileReference; lastKnownFileType = sourcecode.swift; path = "Publisher+asResult.swift"; sourceTree = "<group>"; };
		AB02A4D427EB771300EC8C31 /* MovieDetailHeaderView.swift */ = {isa = PBXFileReference; lastKnownFileType = sourcecode.swift; path = MovieDetailHeaderView.swift; sourceTree = "<group>"; };
		AB02A4D627EBB58E00EC8C31 /* VideosListView.swift */ = {isa = PBXFileReference; lastKnownFileType = sourcecode.swift; path = VideosListView.swift; sourceTree = "<group>"; };
		AB02A4D827EBCC1E00EC8C31 /* LinkView.swift */ = {isa = PBXFileReference; lastKnownFileType = sourcecode.swift; path = LinkView.swift; sourceTree = "<group>"; };
		AB02A4DA27EBCCE200EC8C31 /* Gallery.swift */ = {isa = PBXFileReference; lastKnownFileType = sourcecode.swift; path = Gallery.swift; sourceTree = "<group>"; };
		AB02A4DC27EBDF0B00EC8C31 /* RequestableProtocol.swift */ = {isa = PBXFileReference; lastKnownFileType = sourcecode.swift; path = RequestableProtocol.swift; sourceTree = "<group>"; };
		AB02A4DE27EBED5A00EC8C31 /* NetworkRequest.swift */ = {isa = PBXFileReference; lastKnownFileType = sourcecode.swift; path = NetworkRequest.swift; sourceTree = "<group>"; };
		AB02A4E027EBED8400EC8C31 /* HTTPMethod.swift */ = {isa = PBXFileReference; lastKnownFileType = sourcecode.swift; path = HTTPMethod.swift; sourceTree = "<group>"; };
		AB28A55327E4EB140019A330 /* Movies+SwiftUI.app */ = {isa = PBXFileReference; explicitFileType = wrapper.application; includeInIndex = 0; path = "Movies+SwiftUI.app"; sourceTree = BUILT_PRODUCTS_DIR; };
		AB28A55627E4EB140019A330 /* Movies_SwiftUIApp.swift */ = {isa = PBXFileReference; lastKnownFileType = sourcecode.swift; path = Movies_SwiftUIApp.swift; sourceTree = "<group>"; };
		AB28A55827E4EB140019A330 /* PopularMoviesScreen.swift */ = {isa = PBXFileReference; lastKnownFileType = sourcecode.swift; path = PopularMoviesScreen.swift; sourceTree = "<group>"; };
		AB28A55A27E4EB160019A330 /* Assets.xcassets */ = {isa = PBXFileReference; lastKnownFileType = folder.assetcatalog; path = Assets.xcassets; sourceTree = "<group>"; };
		AB28A55D27E4EB160019A330 /* Preview Assets.xcassets */ = {isa = PBXFileReference; lastKnownFileType = folder.assetcatalog; path = "Preview Assets.xcassets"; sourceTree = "<group>"; };
		AB28A56327E4EB170019A330 /* Movies+SwiftUITests.xctest */ = {isa = PBXFileReference; explicitFileType = wrapper.cfbundle; includeInIndex = 0; path = "Movies+SwiftUITests.xctest"; sourceTree = BUILT_PRODUCTS_DIR; };
		AB28A56727E4EB170019A330 /* Movies_SwiftUITests.swift */ = {isa = PBXFileReference; lastKnownFileType = sourcecode.swift; path = Movies_SwiftUITests.swift; sourceTree = "<group>"; };
		AB28A56D27E4EB170019A330 /* Movies+SwiftUIUITests.xctest */ = {isa = PBXFileReference; explicitFileType = wrapper.cfbundle; includeInIndex = 0; path = "Movies+SwiftUIUITests.xctest"; sourceTree = BUILT_PRODUCTS_DIR; };
		AB28A57127E4EB170019A330 /* Movies_SwiftUIUITests.swift */ = {isa = PBXFileReference; lastKnownFileType = sourcecode.swift; path = Movies_SwiftUIUITests.swift; sourceTree = "<group>"; };
		AB28A57327E4EB170019A330 /* Movies_SwiftUIUITestsLaunchTests.swift */ = {isa = PBXFileReference; lastKnownFileType = sourcecode.swift; path = Movies_SwiftUIUITestsLaunchTests.swift; sourceTree = "<group>"; };
		AB28A58227E4EBEB0019A330 /* Keys.swift */ = {isa = PBXFileReference; lastKnownFileType = sourcecode.swift; path = Keys.swift; sourceTree = "<group>"; };
		AB28A5C627E5443A0019A330 /* FetchPopularService.swift */ = {isa = PBXFileReference; lastKnownFileType = sourcecode.swift; path = FetchPopularService.swift; sourceTree = "<group>"; };
		AB28A5C927E54CE20019A330 /* PopularMoviesViewModel.swift */ = {isa = PBXFileReference; lastKnownFileType = sourcecode.swift; path = PopularMoviesViewModel.swift; sourceTree = "<group>"; };
		AB28A5CC27E54D9E0019A330 /* PopularMovieModel.swift */ = {isa = PBXFileReference; lastKnownFileType = sourcecode.swift; path = PopularMovieModel.swift; sourceTree = "<group>"; };
		AB28A5CE27E57CA00019A330 /* APIError.swift */ = {isa = PBXFileReference; lastKnownFileType = sourcecode.swift; path = APIError.swift; sourceTree = "<group>"; };
		AB28A5D027E57CC30019A330 /* ErrorResponse.swift */ = {isa = PBXFileReference; lastKnownFileType = sourcecode.swift; path = ErrorResponse.swift; sourceTree = "<group>"; };
		AB28A5D327E5858D0019A330 /* Publisher+Retry.swift */ = {isa = PBXFileReference; lastKnownFileType = sourcecode.swift; path = "Publisher+Retry.swift"; sourceTree = "<group>"; };
		AB28A5D527E585D10019A330 /* Publisher+Dump.swift */ = {isa = PBXFileReference; lastKnownFileType = sourcecode.swift; path = "Publisher+Dump.swift"; sourceTree = "<group>"; };
		AB58E92327EA30C600CC3FCB /* Spinner.swift */ = {isa = PBXFileReference; lastKnownFileType = sourcecode.swift; path = Spinner.swift; sourceTree = "<group>"; };
		AB58E92527EA467100CC3FCB /* PopularMovieRow.swift */ = {isa = PBXFileReference; lastKnownFileType = sourcecode.swift; path = PopularMovieRow.swift; sourceTree = "<group>"; };
		AB58E92D27EA5B5700CC3FCB /* View+Placeholder.swift */ = {isa = PBXFileReference; lastKnownFileType = sourcecode.swift; path = "View+Placeholder.swift"; sourceTree = "<group>"; };
		AB58E92F27EA5E0900CC3FCB /* ProgressBar.swift */ = {isa = PBXFileReference; lastKnownFileType = sourcecode.swift; path = ProgressBar.swift; sourceTree = "<group>"; };
		AB58E93127EA673C00CC3FCB /* PopularMoviesList.swift */ = {isa = PBXFileReference; lastKnownFileType = sourcecode.swift; path = PopularMoviesList.swift; sourceTree = "<group>"; };
		AB58E93527EA679F00CC3FCB /* Helper.swift */ = {isa = PBXFileReference; lastKnownFileType = sourcecode.swift; path = Helper.swift; sourceTree = "<group>"; };
		AB58E93727EA67DF00CC3FCB /* Helper+Models.swift */ = {isa = PBXFileReference; lastKnownFileType = sourcecode.swift; path = "Helper+Models.swift"; sourceTree = "<group>"; };
		AB58E93927EA6B9E00CC3FCB /* APIConstants.swift */ = {isa = PBXFileReference; lastKnownFileType = sourcecode.swift; path = APIConstants.swift; sourceTree = "<group>"; };
		AB58E93C27EA70BB00CC3FCB /* TabViewScreen.swift */ = {isa = PBXFileReference; lastKnownFileType = sourcecode.swift; path = TabViewScreen.swift; sourceTree = "<group>"; };
		AB599F6D27EA888400DB4C8E /* MovieDetailScreen.swift */ = {isa = PBXFileReference; lastKnownFileType = sourcecode.swift; path = MovieDetailScreen.swift; sourceTree = "<group>"; };
		AB599F6F27EA8C3800DB4C8E /* UIApplication+Extension.swift */ = {isa = PBXFileReference; lastKnownFileType = sourcecode.swift; path = "UIApplication+Extension.swift"; sourceTree = "<group>"; };
		AB599F7127EA8C8500DB4C8E /* View+statusBarStyle.swift */ = {isa = PBXFileReference; lastKnownFileType = sourcecode.swift; path = "View+statusBarStyle.swift"; sourceTree = "<group>"; };
		AB599F7327EA8CC800DB4C8E /* RootView.swift */ = {isa = PBXFileReference; lastKnownFileType = sourcecode.swift; path = RootView.swift; sourceTree = "<group>"; };
		AB599F7527EA8D1900DB4C8E /* HostingController.swift */ = {isa = PBXFileReference; lastKnownFileType = sourcecode.swift; path = HostingController.swift; sourceTree = "<group>"; };
		AB599F7827EA8F6F00DB4C8E /* ImageLoader.swift */ = {isa = PBXFileReference; lastKnownFileType = sourcecode.swift; path = ImageLoader.swift; sourceTree = "<group>"; };
		AB599F7B27EA9DEF00DB4C8E /* FetchMovieDetailService.swift */ = {isa = PBXFileReference; lastKnownFileType = sourcecode.swift; path = FetchMovieDetailService.swift; sourceTree = "<group>"; };
		AB599F7E27EA9E8D00DB4C8E /* MovieDetailModel.swift */ = {isa = PBXFileReference; lastKnownFileType = sourcecode.swift; path = MovieDetailModel.swift; sourceTree = "<group>"; };
		AB599F8027EAA24100DB4C8E /* MovieDetailResult.swift */ = {isa = PBXFileReference; lastKnownFileType = sourcecode.swift; path = MovieDetailResult.swift; sourceTree = "<group>"; };
		AB599F8227EAA26200DB4C8E /* MovieDetailVideos.swift */ = {isa = PBXFileReference; lastKnownFileType = sourcecode.swift; path = MovieDetailVideos.swift; sourceTree = "<group>"; };
		AB599F8427EAA27B00DB4C8E /* SpokenLanguage.swift */ = {isa = PBXFileReference; lastKnownFileType = sourcecode.swift; path = SpokenLanguage.swift; sourceTree = "<group>"; };
		AB599F8627EAA29600DB4C8E /* ProductionCountry.swift */ = {isa = PBXFileReference; lastKnownFileType = sourcecode.swift; path = ProductionCountry.swift; sourceTree = "<group>"; };
		AB599F8827EAA2AD00DB4C8E /* ProductionCompany.swift */ = {isa = PBXFileReference; lastKnownFileType = sourcecode.swift; path = ProductionCompany.swift; sourceTree = "<group>"; };
		AB599F8A27EAA2D200DB4C8E /* MovieBackdrop.swift */ = {isa = PBXFileReference; lastKnownFileType = sourcecode.swift; path = MovieBackdrop.swift; sourceTree = "<group>"; };
		AB599F8C27EAA2EC00DB4C8E /* MovieDetailImages.swift */ = {isa = PBXFileReference; lastKnownFileType = sourcecode.swift; path = MovieDetailImages.swift; sourceTree = "<group>"; };
		AB599F8E27EAA35800DB4C8E /* MovieGenre.swift */ = {isa = PBXFileReference; lastKnownFileType = sourcecode.swift; path = MovieGenre.swift; sourceTree = "<group>"; };
		AB599F9027EAA37A00DB4C8E /* BelongsToCollection.swift */ = {isa = PBXFileReference; lastKnownFileType = sourcecode.swift; path = BelongsToCollection.swift; sourceTree = "<group>"; };
		AB599F9327EAA94600DB4C8E /* MovieDetailViewModel.swift */ = {isa = PBXFileReference; lastKnownFileType = sourcecode.swift; path = MovieDetailViewModel.swift; sourceTree = "<group>"; };
		AB81527D27ED039400FE744C /* SearcherScreen.swift */ = {isa = PBXFileReference; lastKnownFileType = sourcecode.swift; path = SearcherScreen.swift; sourceTree = "<group>"; };
		AB81528027ED04B200FE744C /* MultiSearchModel.swift */ = {isa = PBXFileReference; lastKnownFileType = sourcecode.swift; path = MultiSearchModel.swift; sourceTree = "<group>"; };
		AB81528227ED059D00FE744C /* MultiSearchResultModel.swift */ = {isa = PBXFileReference; lastKnownFileType = sourcecode.swift; path = MultiSearchResultModel.swift; sourceTree = "<group>"; };
		AB81528427ED05C900FE744C /* KnownForModel.swift */ = {isa = PBXFileReference; lastKnownFileType = sourcecode.swift; path = KnownForModel.swift; sourceTree = "<group>"; };
		AB81528627ED05F200FE744C /* MediaTypeModel.swift */ = {isa = PBXFileReference; lastKnownFileType = sourcecode.swift; path = MediaTypeModel.swift; sourceTree = "<group>"; };
		ABDA843527EBEDED00FE7AC7 /* Encodable+encode.swift */ = {isa = PBXFileReference; lastKnownFileType = sourcecode.swift; path = "Encodable+encode.swift"; sourceTree = "<group>"; };
		ABDA843727EBEE2D00FE7AC7 /* NativeRequestable.swift */ = {isa = PBXFileReference; lastKnownFileType = sourcecode.swift; path = NativeRequestable.swift; sourceTree = "<group>"; };
		ABDA843927EBF9DB00FE7AC7 /* PopularServiceEndpoints.swift */ = {isa = PBXFileReference; lastKnownFileType = sourcecode.swift; path = PopularServiceEndpoints.swift; sourceTree = "<group>"; };
		ABDA843B27EBFCB200FE7AC7 /* MovieDetailEndpoints.swift */ = {isa = PBXFileReference; lastKnownFileType = sourcecode.swift; path = MovieDetailEndpoints.swift; sourceTree = "<group>"; };
/* End PBXFileReference section */

/* Begin PBXFrameworksBuildPhase section */
		AB28A55027E4EB140019A330 /* Frameworks */ = {
			isa = PBXFrameworksBuildPhase;
			buildActionMask = 2147483647;
			files = (
				AB58E92C27EA4B6B00CC3FCB /* NukeUI in Frameworks */,
			);
			runOnlyForDeploymentPostprocessing = 0;
		};
		AB28A56027E4EB170019A330 /* Frameworks */ = {
			isa = PBXFrameworksBuildPhase;
			buildActionMask = 2147483647;
			files = (
			);
			runOnlyForDeploymentPostprocessing = 0;
		};
		AB28A56A27E4EB170019A330 /* Frameworks */ = {
			isa = PBXFrameworksBuildPhase;
			buildActionMask = 2147483647;
			files = (
			);
			runOnlyForDeploymentPostprocessing = 0;
		};
/* End PBXFrameworksBuildPhase section */

/* Begin PBXGroup section */
		AB228D4B27E62F5300B21652 /* Features */ = {
			isa = PBXGroup;
			children = (
				AB81527B27ED02EA00FE744C /* Searcher */,
				AB599F6C27EA886B00DB4C8E /* MovieDetail */,
				AB58E93B27EA70A200CC3FCB /* TabView */,
				AB228D4C27E62F5E00B21652 /* PopularMovies */,
			);
			path = Features;
			sourceTree = "<group>";
		};
		AB228D4C27E62F5E00B21652 /* PopularMovies */ = {
			isa = PBXGroup;
			children = (
				AB228D4E27E62F8A00B21652 /* Services */,
				AB28A5CB27E54D900019A330 /* Models */,
				AB28A58427E4F5CF0019A330 /* Views */,
				AB28A5C827E54CCA0019A330 /* ViewModels */,
			);
			path = PopularMovies;
			sourceTree = "<group>";
		};
		AB228D4E27E62F8A00B21652 /* Services */ = {
			isa = PBXGroup;
			children = (
				AB28A5C627E5443A0019A330 /* FetchPopularService.swift */,
				ABDA843927EBF9DB00FE7AC7 /* PopularServiceEndpoints.swift */,
			);
			path = Services;
			sourceTree = "<group>";
		};
		AB28A54A27E4EB140019A330 = {
			isa = PBXGroup;
			children = (
				AB28A55527E4EB140019A330 /* Movies+SwiftUI */,
				AB28A56627E4EB170019A330 /* Movies+SwiftUITests */,
				AB28A57027E4EB170019A330 /* Movies+SwiftUIUITests */,
				AB28A55427E4EB140019A330 /* Products */,
			);
			sourceTree = "<group>";
		};
		AB28A55427E4EB140019A330 /* Products */ = {
			isa = PBXGroup;
			children = (
				AB28A55327E4EB140019A330 /* Movies+SwiftUI.app */,
				AB28A56327E4EB170019A330 /* Movies+SwiftUITests.xctest */,
				AB28A56D27E4EB170019A330 /* Movies+SwiftUIUITests.xctest */,
			);
			name = Products;
			sourceTree = "<group>";
		};
		AB28A55527E4EB140019A330 /* Movies+SwiftUI */ = {
			isa = PBXGroup;
			children = (
				AB28A55627E4EB140019A330 /* Movies_SwiftUIApp.swift */,
				AB28A55A27E4EB160019A330 /* Assets.xcassets */,
				AB28A58027E4EB840019A330 /* Base */,
				AB228D4B27E62F5300B21652 /* Features */,
				AB28A55C27E4EB160019A330 /* Preview Content */,
				AB28A58527E4F5E50019A330 /* ReusableComponents */,
				AB58E93327EA676800CC3FCB /* Utils */,
			);
			path = "Movies+SwiftUI";
			sourceTree = "<group>";
		};
		AB28A55C27E4EB160019A330 /* Preview Content */ = {
			isa = PBXGroup;
			children = (
				AB28A55D27E4EB160019A330 /* Preview Assets.xcassets */,
			);
			path = "Preview Content";
			sourceTree = "<group>";
		};
		AB28A56627E4EB170019A330 /* Movies+SwiftUITests */ = {
			isa = PBXGroup;
			children = (
				AB28A56727E4EB170019A330 /* Movies_SwiftUITests.swift */,
			);
			path = "Movies+SwiftUITests";
			sourceTree = "<group>";
		};
		AB28A57027E4EB170019A330 /* Movies+SwiftUIUITests */ = {
			isa = PBXGroup;
			children = (
				AB28A57127E4EB170019A330 /* Movies_SwiftUIUITests.swift */,
				AB28A57327E4EB170019A330 /* Movies_SwiftUIUITestsLaunchTests.swift */,
			);
			path = "Movies+SwiftUIUITests";
			sourceTree = "<group>";
		};
		AB28A58027E4EB840019A330 /* Base */ = {
			isa = PBXGroup;
			children = (
				AB28A5C527E543E80019A330 /* Networking */,
				AB28A58127E4EB8A0019A330 /* Keys */,
			);
			path = Base;
			sourceTree = "<group>";
		};
		AB28A58127E4EB8A0019A330 /* Keys */ = {
			isa = PBXGroup;
			children = (
				AB28A58227E4EBEB0019A330 /* Keys.swift */,
			);
			path = Keys;
			sourceTree = "<group>";
		};
		AB28A58427E4F5CF0019A330 /* Views */ = {
			isa = PBXGroup;
			children = (
				AB58E92527EA467100CC3FCB /* PopularMovieRow.swift */,
				AB58E93127EA673C00CC3FCB /* PopularMoviesList.swift */,
				AB28A55827E4EB140019A330 /* PopularMoviesScreen.swift */,
			);
			path = Views;
			sourceTree = "<group>";
		};
		AB28A58527E4F5E50019A330 /* ReusableComponents */ = {
			isa = PBXGroup;
			children = (
				AB599F7827EA8F6F00DB4C8E /* ImageLoader.swift */,
				AB58E92F27EA5E0900CC3FCB /* ProgressBar.swift */,
				AB02A4D827EBCC1E00EC8C31 /* LinkView.swift */,
				AB599F7327EA8CC800DB4C8E /* RootView.swift */,
				AB58E92327EA30C600CC3FCB /* Spinner.swift */,
				AB58E92D27EA5B5700CC3FCB /* View+Placeholder.swift */,
			);
			path = ReusableComponents;
			sourceTree = "<group>";
		};
		AB28A5C527E543E80019A330 /* Networking */ = {
			isa = PBXGroup;
			children = (
				AB58E93927EA6B9E00CC3FCB /* APIConstants.swift */,
				AB28A5CE27E57CA00019A330 /* APIError.swift */,
				AB28A5D027E57CC30019A330 /* ErrorResponse.swift */,
				AB02A4E027EBED8400EC8C31 /* HTTPMethod.swift */,
				ABDA843727EBEE2D00FE7AC7 /* NativeRequestable.swift */,
				AB02A4DE27EBED5A00EC8C31 /* NetworkRequest.swift */,
				AB02A4DC27EBDF0B00EC8C31 /* RequestableProtocol.swift */,
			);
			path = Networking;
			sourceTree = "<group>";
		};
		AB28A5C827E54CCA0019A330 /* ViewModels */ = {
			isa = PBXGroup;
			children = (
				AB28A5C927E54CE20019A330 /* PopularMoviesViewModel.swift */,
			);
			path = ViewModels;
			sourceTree = "<group>";
		};
		AB28A5CB27E54D900019A330 /* Models */ = {
			isa = PBXGroup;
			children = (
				AB28A5CC27E54D9E0019A330 /* PopularMovieModel.swift */,
			);
			path = Models;
			sourceTree = "<group>";
		};
		AB28A5D227E585720019A330 /* Extensions */ = {
			isa = PBXGroup;
			children = (
				AB02A4D227EB57C900EC8C31 /* Publisher+asResult.swift */,
				AB28A5D527E585D10019A330 /* Publisher+Dump.swift */,
				ABDA843527EBEDED00FE7AC7 /* Encodable+encode.swift */,
				AB28A5D327E5858D0019A330 /* Publisher+Retry.swift */,
				AB599F6F27EA8C3800DB4C8E /* UIApplication+Extension.swift */,
				AB599F7127EA8C8500DB4C8E /* View+statusBarStyle.swift */,
			);
			path = Extensions;
			sourceTree = "<group>";
		};
		AB58E93327EA676800CC3FCB /* Utils */ = {
			isa = PBXGroup;
			children = (
				AB28A5D227E585720019A330 /* Extensions */,
				AB58E93427EA679400CC3FCB /* Helper */,
				AB599F7527EA8D1900DB4C8E /* HostingController.swift */,
			);
			path = Utils;
			sourceTree = "<group>";
		};
		AB58E93427EA679400CC3FCB /* Helper */ = {
			isa = PBXGroup;
			children = (
				AB58E93527EA679F00CC3FCB /* Helper.swift */,
				AB58E93727EA67DF00CC3FCB /* Helper+Models.swift */,
			);
			path = Helper;
			sourceTree = "<group>";
		};
		AB58E93B27EA70A200CC3FCB /* TabView */ = {
			isa = PBXGroup;
			children = (
				AB58E93C27EA70BB00CC3FCB /* TabViewScreen.swift */,
			);
			path = TabView;
			sourceTree = "<group>";
		};
		AB599F6C27EA886B00DB4C8E /* MovieDetail */ = {
			isa = PBXGroup;
			children = (
				AB599F9227EAA92200DB4C8E /* ViewModels */,
				AB599F7D27EA9E8000DB4C8E /* Models */,
				AB599F7A27EA9DDC00DB4C8E /* Services */,
				AB599F7727EA8ECA00DB4C8E /* Views */,
			);
			path = MovieDetail;
			sourceTree = "<group>";
		};
		AB599F7727EA8ECA00DB4C8E /* Views */ = {
			isa = PBXGroup;
			children = (
				AB02A4DA27EBCCE200EC8C31 /* Gallery.swift */,
				AB02A4D427EB771300EC8C31 /* MovieDetailHeaderView.swift */,
				AB599F6D27EA888400DB4C8E /* MovieDetailScreen.swift */,
				AB02A4D627EBB58E00EC8C31 /* VideosListView.swift */,
			);
			path = Views;
			sourceTree = "<group>";
		};
		AB599F7A27EA9DDC00DB4C8E /* Services */ = {
			isa = PBXGroup;
			children = (
				AB599F7B27EA9DEF00DB4C8E /* FetchMovieDetailService.swift */,
				ABDA843B27EBFCB200FE7AC7 /* MovieDetailEndpoints.swift */,
			);
			path = Services;
			sourceTree = "<group>";
		};
		AB599F7D27EA9E8000DB4C8E /* Models */ = {
			isa = PBXGroup;
			children = (
				AB599F9027EAA37A00DB4C8E /* BelongsToCollection.swift */,
				AB599F8A27EAA2D200DB4C8E /* MovieBackdrop.swift */,
				AB599F8C27EAA2EC00DB4C8E /* MovieDetailImages.swift */,
				AB599F7E27EA9E8D00DB4C8E /* MovieDetailModel.swift */,
				AB599F8027EAA24100DB4C8E /* MovieDetailResult.swift */,
				AB599F8227EAA26200DB4C8E /* MovieDetailVideos.swift */,
				AB599F8E27EAA35800DB4C8E /* MovieGenre.swift */,
				AB599F8827EAA2AD00DB4C8E /* ProductionCompany.swift */,
				AB599F8627EAA29600DB4C8E /* ProductionCountry.swift */,
				AB599F8427EAA27B00DB4C8E /* SpokenLanguage.swift */,
			);
			path = Models;
			sourceTree = "<group>";
		};
		AB599F9227EAA92200DB4C8E /* ViewModels */ = {
			isa = PBXGroup;
			children = (
				AB599F9327EAA94600DB4C8E /* MovieDetailViewModel.swift */,
			);
			path = ViewModels;
			sourceTree = "<group>";
		};
		AB81527B27ED02EA00FE744C /* Searcher */ = {
			isa = PBXGroup;
			children = (
				AB81527F27ED049B00FE744C /* Models */,
				AB81527C27ED037B00FE744C /* Views */,
			);
			path = Searcher;
			sourceTree = "<group>";
		};
		AB81527C27ED037B00FE744C /* Views */ = {
			isa = PBXGroup;
			children = (
				AB81527D27ED039400FE744C /* SearcherScreen.swift */,
			);
			path = Views;
			sourceTree = "<group>";
		};
		AB81527F27ED049B00FE744C /* Models */ = {
			isa = PBXGroup;
			children = (
				AB81528027ED04B200FE744C /* MultiSearchModel.swift */,
				AB81528227ED059D00FE744C /* MultiSearchResultModel.swift */,
				AB81528427ED05C900FE744C /* KnownForModel.swift */,
				AB81528627ED05F200FE744C /* MediaTypeModel.swift */,
			);
			path = Models;
			sourceTree = "<group>";
		};
/* End PBXGroup section */

/* Begin PBXNativeTarget section */
		AB28A55227E4EB140019A330 /* Movies+SwiftUI */ = {
			isa = PBXNativeTarget;
			buildConfigurationList = AB28A57727E4EB170019A330 /* Build configuration list for PBXNativeTarget "Movies+SwiftUI" */;
			buildPhases = (
				AB28A54F27E4EB140019A330 /* Sources */,
				AB28A55027E4EB140019A330 /* Frameworks */,
				AB28A55127E4EB140019A330 /* Resources */,
			);
			buildRules = (
			);
			dependencies = (
			);
			name = "Movies+SwiftUI";
			packageProductDependencies = (
				AB58E92B27EA4B6B00CC3FCB /* NukeUI */,
			);
			productName = "Movies+SwiftUI";
			productReference = AB28A55327E4EB140019A330 /* Movies+SwiftUI.app */;
			productType = "com.apple.product-type.application";
		};
		AB28A56227E4EB170019A330 /* Movies+SwiftUITests */ = {
			isa = PBXNativeTarget;
			buildConfigurationList = AB28A57A27E4EB170019A330 /* Build configuration list for PBXNativeTarget "Movies+SwiftUITests" */;
			buildPhases = (
				AB28A55F27E4EB170019A330 /* Sources */,
				AB28A56027E4EB170019A330 /* Frameworks */,
				AB28A56127E4EB170019A330 /* Resources */,
			);
			buildRules = (
			);
			dependencies = (
				AB28A56527E4EB170019A330 /* PBXTargetDependency */,
			);
			name = "Movies+SwiftUITests";
			productName = "Movies+SwiftUITests";
			productReference = AB28A56327E4EB170019A330 /* Movies+SwiftUITests.xctest */;
			productType = "com.apple.product-type.bundle.unit-test";
		};
		AB28A56C27E4EB170019A330 /* Movies+SwiftUIUITests */ = {
			isa = PBXNativeTarget;
			buildConfigurationList = AB28A57D27E4EB170019A330 /* Build configuration list for PBXNativeTarget "Movies+SwiftUIUITests" */;
			buildPhases = (
				AB28A56927E4EB170019A330 /* Sources */,
				AB28A56A27E4EB170019A330 /* Frameworks */,
				AB28A56B27E4EB170019A330 /* Resources */,
			);
			buildRules = (
			);
			dependencies = (
				AB28A56F27E4EB170019A330 /* PBXTargetDependency */,
			);
			name = "Movies+SwiftUIUITests";
			productName = "Movies+SwiftUIUITests";
			productReference = AB28A56D27E4EB170019A330 /* Movies+SwiftUIUITests.xctest */;
			productType = "com.apple.product-type.bundle.ui-testing";
		};
/* End PBXNativeTarget section */

/* Begin PBXProject section */
		AB28A54B27E4EB140019A330 /* Project object */ = {
			isa = PBXProject;
			attributes = {
				BuildIndependentTargetsInParallel = 1;
				LastSwiftUpdateCheck = 1330;
				LastUpgradeCheck = 1330;
				TargetAttributes = {
					AB28A55227E4EB140019A330 = {
						CreatedOnToolsVersion = 13.3;
					};
					AB28A56227E4EB170019A330 = {
						CreatedOnToolsVersion = 13.3;
						TestTargetID = AB28A55227E4EB140019A330;
					};
					AB28A56C27E4EB170019A330 = {
						CreatedOnToolsVersion = 13.3;
						TestTargetID = AB28A55227E4EB140019A330;
					};
				};
			};
			buildConfigurationList = AB28A54E27E4EB140019A330 /* Build configuration list for PBXProject "Movies+SwiftUI" */;
			compatibilityVersion = "Xcode 13.0";
			developmentRegion = en;
			hasScannedForEncodings = 0;
			knownRegions = (
				en,
				Base,
			);
			mainGroup = AB28A54A27E4EB140019A330;
			packageReferences = (
				AB58E92A27EA4B6B00CC3FCB /* XCRemoteSwiftPackageReference "NukeUI" */,
			);
			productRefGroup = AB28A55427E4EB140019A330 /* Products */;
			projectDirPath = "";
			projectRoot = "";
			targets = (
				AB28A55227E4EB140019A330 /* Movies+SwiftUI */,
				AB28A56227E4EB170019A330 /* Movies+SwiftUITests */,
				AB28A56C27E4EB170019A330 /* Movies+SwiftUIUITests */,
			);
		};
/* End PBXProject section */

/* Begin PBXResourcesBuildPhase section */
		AB28A55127E4EB140019A330 /* Resources */ = {
			isa = PBXResourcesBuildPhase;
			buildActionMask = 2147483647;
			files = (
				AB28A55E27E4EB160019A330 /* Preview Assets.xcassets in Resources */,
				AB28A55B27E4EB160019A330 /* Assets.xcassets in Resources */,
			);
			runOnlyForDeploymentPostprocessing = 0;
		};
		AB28A56127E4EB170019A330 /* Resources */ = {
			isa = PBXResourcesBuildPhase;
			buildActionMask = 2147483647;
			files = (
			);
			runOnlyForDeploymentPostprocessing = 0;
		};
		AB28A56B27E4EB170019A330 /* Resources */ = {
			isa = PBXResourcesBuildPhase;
			buildActionMask = 2147483647;
			files = (
			);
			runOnlyForDeploymentPostprocessing = 0;
		};
/* End PBXResourcesBuildPhase section */

/* Begin PBXSourcesBuildPhase section */
		AB28A54F27E4EB140019A330 /* Sources */ = {
			isa = PBXSourcesBuildPhase;
			buildActionMask = 2147483647;
			files = (
				AB58E92427EA30C600CC3FCB /* Spinner.swift in Sources */,
				AB599F7427EA8CC800DB4C8E /* RootView.swift in Sources */,
				AB81527E27ED039400FE744C /* SearcherScreen.swift in Sources */,
				AB02A4D727EBB58E00EC8C31 /* VideosListView.swift in Sources */,
				AB81528327ED059D00FE744C /* MultiSearchResultModel.swift in Sources */,
				AB58E92E27EA5B5700CC3FCB /* View+Placeholder.swift in Sources */,
				AB28A5D627E585D10019A330 /* Publisher+Dump.swift in Sources */,
				AB28A5CD27E54D9E0019A330 /* PopularMovieModel.swift in Sources */,
				AB58E92627EA467100CC3FCB /* PopularMovieRow.swift in Sources */,
				AB28A5CA27E54CE20019A330 /* PopularMoviesViewModel.swift in Sources */,
				AB02A4DD27EBDF0B00EC8C31 /* RequestableProtocol.swift in Sources */,
				AB81528527ED05C900FE744C /* KnownForModel.swift in Sources */,
				ABDA843627EBEDED00FE7AC7 /* Encodable+encode.swift in Sources */,
				AB599F9427EAA94600DB4C8E /* MovieDetailViewModel.swift in Sources */,
				AB58E93027EA5E0900CC3FCB /* ProgressBar.swift in Sources */,
				AB599F8127EAA24100DB4C8E /* MovieDetailResult.swift in Sources */,
				AB58E93627EA679F00CC3FCB /* Helper.swift in Sources */,
				AB599F8327EAA26200DB4C8E /* MovieDetailVideos.swift in Sources */,
				AB599F8D27EAA2EC00DB4C8E /* MovieDetailImages.swift in Sources */,
				ABDA843A27EBF9DC00FE7AC7 /* PopularServiceEndpoints.swift in Sources */,
				AB28A5D427E5858D0019A330 /* Publisher+Retry.swift in Sources */,
				ABDA843C27EBFCB200FE7AC7 /* MovieDetailEndpoints.swift in Sources */,
				AB599F7F27EA9E8D00DB4C8E /* MovieDetailModel.swift in Sources */,
				AB02A4DB27EBCCE200EC8C31 /* Gallery.swift in Sources */,
				AB28A55927E4EB140019A330 /* PopularMoviesScreen.swift in Sources */,
				AB28A58327E4EBEB0019A330 /* Keys.swift in Sources */,
				AB58E93227EA673C00CC3FCB /* PopularMoviesList.swift in Sources */,
				AB599F9127EAA37A00DB4C8E /* BelongsToCollection.swift in Sources */,
				AB02A4D327EB57C900EC8C31 /* Publisher+asResult.swift in Sources */,
				AB02A4E127EBED8400EC8C31 /* HTTPMethod.swift in Sources */,
				AB81528727ED05F300FE744C /* MediaTypeModel.swift in Sources */,
				AB599F8927EAA2AD00DB4C8E /* ProductionCompany.swift in Sources */,
				AB02A4D927EBCC1E00EC8C31 /* LinkView.swift in Sources */,
				AB28A5C727E5443A0019A330 /* FetchPopularService.swift in Sources */,
				AB599F7027EA8C3800DB4C8E /* UIApplication+Extension.swift in Sources */,
				AB599F6E27EA888400DB4C8E /* MovieDetailScreen.swift in Sources */,
				AB28A55727E4EB140019A330 /* Movies_SwiftUIApp.swift in Sources */,
				AB58E93A27EA6B9E00CC3FCB /* APIConstants.swift in Sources */,
				AB02A4DF27EBED5A00EC8C31 /* NetworkRequest.swift in Sources */,
				AB81528127ED04B200FE744C /* MultiSearchModel.swift in Sources */,
				AB599F8B27EAA2D200DB4C8E /* MovieBackdrop.swift in Sources */,
				AB599F7627EA8D1900DB4C8E /* HostingController.swift in Sources */,
				AB28A5CF27E57CA00019A330 /* APIError.swift in Sources */,
				ABDA843827EBEE2D00FE7AC7 /* NativeRequestable.swift in Sources */,
				AB599F7C27EA9DEF00DB4C8E /* FetchMovieDetailService.swift in Sources */,
				AB599F8F27EAA35800DB4C8E /* MovieGenre.swift in Sources */,
				AB599F8727EAA29600DB4C8E /* ProductionCountry.swift in Sources */,
				AB02A4D527EB771300EC8C31 /* MovieDetailHeaderView.swift in Sources */,
				AB599F7927EA8F6F00DB4C8E /* ImageLoader.swift in Sources */,
				AB58E93827EA67DF00CC3FCB /* Helper+Models.swift in Sources */,
				AB28A5D127E57CC30019A330 /* ErrorResponse.swift in Sources */,
				AB599F8527EAA27B00DB4C8E /* SpokenLanguage.swift in Sources */,
				AB599F7227EA8C8500DB4C8E /* View+statusBarStyle.swift in Sources */,
				AB58E93D27EA70BB00CC3FCB /* TabViewScreen.swift in Sources */,
			);
			runOnlyForDeploymentPostprocessing = 0;
		};
		AB28A55F27E4EB170019A330 /* Sources */ = {
			isa = PBXSourcesBuildPhase;
			buildActionMask = 2147483647;
			files = (
				AB28A56827E4EB170019A330 /* Movies_SwiftUITests.swift in Sources */,
			);
			runOnlyForDeploymentPostprocessing = 0;
		};
		AB28A56927E4EB170019A330 /* Sources */ = {
			isa = PBXSourcesBuildPhase;
			buildActionMask = 2147483647;
			files = (
				AB28A57227E4EB170019A330 /* Movies_SwiftUIUITests.swift in Sources */,
				AB28A57427E4EB170019A330 /* Movies_SwiftUIUITestsLaunchTests.swift in Sources */,
			);
			runOnlyForDeploymentPostprocessing = 0;
		};
/* End PBXSourcesBuildPhase section */

/* Begin PBXTargetDependency section */
		AB28A56527E4EB170019A330 /* PBXTargetDependency */ = {
			isa = PBXTargetDependency;
			target = AB28A55227E4EB140019A330 /* Movies+SwiftUI */;
			targetProxy = AB28A56427E4EB170019A330 /* PBXContainerItemProxy */;
		};
		AB28A56F27E4EB170019A330 /* PBXTargetDependency */ = {
			isa = PBXTargetDependency;
			target = AB28A55227E4EB140019A330 /* Movies+SwiftUI */;
			targetProxy = AB28A56E27E4EB170019A330 /* PBXContainerItemProxy */;
		};
/* End PBXTargetDependency section */

/* Begin XCBuildConfiguration section */
		AB28A57527E4EB170019A330 /* Debug */ = {
			isa = XCBuildConfiguration;
			buildSettings = {
				ALWAYS_SEARCH_USER_PATHS = NO;
				CLANG_ANALYZER_NONNULL = YES;
				CLANG_ANALYZER_NUMBER_OBJECT_CONVERSION = YES_AGGRESSIVE;
				CLANG_CXX_LANGUAGE_STANDARD = "gnu++17";
				CLANG_ENABLE_MODULES = YES;
				CLANG_ENABLE_OBJC_ARC = YES;
				CLANG_ENABLE_OBJC_WEAK = YES;
				CLANG_WARN_BLOCK_CAPTURE_AUTORELEASING = YES;
				CLANG_WARN_BOOL_CONVERSION = YES;
				CLANG_WARN_COMMA = YES;
				CLANG_WARN_CONSTANT_CONVERSION = YES;
				CLANG_WARN_DEPRECATED_OBJC_IMPLEMENTATIONS = YES;
				CLANG_WARN_DIRECT_OBJC_ISA_USAGE = YES_ERROR;
				CLANG_WARN_DOCUMENTATION_COMMENTS = YES;
				CLANG_WARN_EMPTY_BODY = YES;
				CLANG_WARN_ENUM_CONVERSION = YES;
				CLANG_WARN_INFINITE_RECURSION = YES;
				CLANG_WARN_INT_CONVERSION = YES;
				CLANG_WARN_NON_LITERAL_NULL_CONVERSION = YES;
				CLANG_WARN_OBJC_IMPLICIT_RETAIN_SELF = YES;
				CLANG_WARN_OBJC_LITERAL_CONVERSION = YES;
				CLANG_WARN_OBJC_ROOT_CLASS = YES_ERROR;
				CLANG_WARN_QUOTED_INCLUDE_IN_FRAMEWORK_HEADER = YES;
				CLANG_WARN_RANGE_LOOP_ANALYSIS = YES;
				CLANG_WARN_STRICT_PROTOTYPES = YES;
				CLANG_WARN_SUSPICIOUS_MOVE = YES;
				CLANG_WARN_UNGUARDED_AVAILABILITY = YES_AGGRESSIVE;
				CLANG_WARN_UNREACHABLE_CODE = YES;
				CLANG_WARN__DUPLICATE_METHOD_MATCH = YES;
				COPY_PHASE_STRIP = NO;
				DEBUG_INFORMATION_FORMAT = dwarf;
				ENABLE_STRICT_OBJC_MSGSEND = YES;
				ENABLE_TESTABILITY = YES;
				GCC_C_LANGUAGE_STANDARD = gnu11;
				GCC_DYNAMIC_NO_PIC = NO;
				GCC_NO_COMMON_BLOCKS = YES;
				GCC_OPTIMIZATION_LEVEL = 0;
				GCC_PREPROCESSOR_DEFINITIONS = (
					"DEBUG=1",
					"$(inherited)",
				);
				GCC_WARN_64_TO_32_BIT_CONVERSION = YES;
				GCC_WARN_ABOUT_RETURN_TYPE = YES_ERROR;
				GCC_WARN_UNDECLARED_SELECTOR = YES;
				GCC_WARN_UNINITIALIZED_AUTOS = YES_AGGRESSIVE;
				GCC_WARN_UNUSED_FUNCTION = YES;
				GCC_WARN_UNUSED_VARIABLE = YES;
				IPHONEOS_DEPLOYMENT_TARGET = 15.4;
				MTL_ENABLE_DEBUG_INFO = INCLUDE_SOURCE;
				MTL_FAST_MATH = YES;
				ONLY_ACTIVE_ARCH = YES;
				SDKROOT = iphoneos;
				SWIFT_ACTIVE_COMPILATION_CONDITIONS = DEBUG;
				SWIFT_OPTIMIZATION_LEVEL = "-Onone";
			};
			name = Debug;
		};
		AB28A57627E4EB170019A330 /* Release */ = {
			isa = XCBuildConfiguration;
			buildSettings = {
				ALWAYS_SEARCH_USER_PATHS = NO;
				CLANG_ANALYZER_NONNULL = YES;
				CLANG_ANALYZER_NUMBER_OBJECT_CONVERSION = YES_AGGRESSIVE;
				CLANG_CXX_LANGUAGE_STANDARD = "gnu++17";
				CLANG_ENABLE_MODULES = YES;
				CLANG_ENABLE_OBJC_ARC = YES;
				CLANG_ENABLE_OBJC_WEAK = YES;
				CLANG_WARN_BLOCK_CAPTURE_AUTORELEASING = YES;
				CLANG_WARN_BOOL_CONVERSION = YES;
				CLANG_WARN_COMMA = YES;
				CLANG_WARN_CONSTANT_CONVERSION = YES;
				CLANG_WARN_DEPRECATED_OBJC_IMPLEMENTATIONS = YES;
				CLANG_WARN_DIRECT_OBJC_ISA_USAGE = YES_ERROR;
				CLANG_WARN_DOCUMENTATION_COMMENTS = YES;
				CLANG_WARN_EMPTY_BODY = YES;
				CLANG_WARN_ENUM_CONVERSION = YES;
				CLANG_WARN_INFINITE_RECURSION = YES;
				CLANG_WARN_INT_CONVERSION = YES;
				CLANG_WARN_NON_LITERAL_NULL_CONVERSION = YES;
				CLANG_WARN_OBJC_IMPLICIT_RETAIN_SELF = YES;
				CLANG_WARN_OBJC_LITERAL_CONVERSION = YES;
				CLANG_WARN_OBJC_ROOT_CLASS = YES_ERROR;
				CLANG_WARN_QUOTED_INCLUDE_IN_FRAMEWORK_HEADER = YES;
				CLANG_WARN_RANGE_LOOP_ANALYSIS = YES;
				CLANG_WARN_STRICT_PROTOTYPES = YES;
				CLANG_WARN_SUSPICIOUS_MOVE = YES;
				CLANG_WARN_UNGUARDED_AVAILABILITY = YES_AGGRESSIVE;
				CLANG_WARN_UNREACHABLE_CODE = YES;
				CLANG_WARN__DUPLICATE_METHOD_MATCH = YES;
				COPY_PHASE_STRIP = NO;
				DEBUG_INFORMATION_FORMAT = "dwarf-with-dsym";
				ENABLE_NS_ASSERTIONS = NO;
				ENABLE_STRICT_OBJC_MSGSEND = YES;
				GCC_C_LANGUAGE_STANDARD = gnu11;
				GCC_NO_COMMON_BLOCKS = YES;
				GCC_WARN_64_TO_32_BIT_CONVERSION = YES;
				GCC_WARN_ABOUT_RETURN_TYPE = YES_ERROR;
				GCC_WARN_UNDECLARED_SELECTOR = YES;
				GCC_WARN_UNINITIALIZED_AUTOS = YES_AGGRESSIVE;
				GCC_WARN_UNUSED_FUNCTION = YES;
				GCC_WARN_UNUSED_VARIABLE = YES;
				IPHONEOS_DEPLOYMENT_TARGET = 15.4;
				MTL_ENABLE_DEBUG_INFO = NO;
				MTL_FAST_MATH = YES;
				SDKROOT = iphoneos;
				SWIFT_COMPILATION_MODE = wholemodule;
				SWIFT_OPTIMIZATION_LEVEL = "-O";
				VALIDATE_PRODUCT = YES;
			};
			name = Release;
		};
		AB28A57827E4EB170019A330 /* Debug */ = {
			isa = XCBuildConfiguration;
			buildSettings = {
				ASSETCATALOG_COMPILER_APPICON_NAME = AppIcon;
				ASSETCATALOG_COMPILER_GLOBAL_ACCENT_COLOR_NAME = AccentColor;
				CODE_SIGN_STYLE = Automatic;
				CURRENT_PROJECT_VERSION = 1;
				DEVELOPMENT_ASSET_PATHS = "\"Movies+SwiftUI/Preview Content\"";
				DEVELOPMENT_TEAM = U5AZ9SRKAZ;
				ENABLE_PREVIEWS = YES;
				GENERATE_INFOPLIST_FILE = YES;
				INFOPLIST_KEY_UIApplicationSceneManifest_Generation = YES;
				INFOPLIST_KEY_UIApplicationSupportsIndirectInputEvents = YES;
				INFOPLIST_KEY_UILaunchScreen_Generation = YES;
				INFOPLIST_KEY_UISupportedInterfaceOrientations_iPad = "UIInterfaceOrientationPortrait UIInterfaceOrientationPortraitUpsideDown UIInterfaceOrientationLandscapeLeft UIInterfaceOrientationLandscapeRight";
				INFOPLIST_KEY_UISupportedInterfaceOrientations_iPhone = "UIInterfaceOrientationPortrait UIInterfaceOrientationLandscapeLeft UIInterfaceOrientationLandscapeRight";
				LD_RUNPATH_SEARCH_PATHS = (
					"$(inherited)",
					"@executable_path/Frameworks",
				);
				MARKETING_VERSION = 1.0;
				PRODUCT_BUNDLE_IDENTIFIER = "gian.Movies-SwiftUI";
				PRODUCT_NAME = "$(TARGET_NAME)";
				SWIFT_EMIT_LOC_STRINGS = YES;
				SWIFT_VERSION = 5.0;
				TARGETED_DEVICE_FAMILY = "1,2";
			};
			name = Debug;
		};
		AB28A57927E4EB170019A330 /* Release */ = {
			isa = XCBuildConfiguration;
			buildSettings = {
				ASSETCATALOG_COMPILER_APPICON_NAME = AppIcon;
				ASSETCATALOG_COMPILER_GLOBAL_ACCENT_COLOR_NAME = AccentColor;
				CODE_SIGN_STYLE = Automatic;
				CURRENT_PROJECT_VERSION = 1;
				DEVELOPMENT_ASSET_PATHS = "\"Movies+SwiftUI/Preview Content\"";
				DEVELOPMENT_TEAM = U5AZ9SRKAZ;
				ENABLE_PREVIEWS = YES;
				GENERATE_INFOPLIST_FILE = YES;
				INFOPLIST_KEY_UIApplicationSceneManifest_Generation = YES;
				INFOPLIST_KEY_UIApplicationSupportsIndirectInputEvents = YES;
				INFOPLIST_KEY_UILaunchScreen_Generation = YES;
				INFOPLIST_KEY_UISupportedInterfaceOrientations_iPad = "UIInterfaceOrientationPortrait UIInterfaceOrientationPortraitUpsideDown UIInterfaceOrientationLandscapeLeft UIInterfaceOrientationLandscapeRight";
				INFOPLIST_KEY_UISupportedInterfaceOrientations_iPhone = "UIInterfaceOrientationPortrait UIInterfaceOrientationLandscapeLeft UIInterfaceOrientationLandscapeRight";
				LD_RUNPATH_SEARCH_PATHS = (
					"$(inherited)",
					"@executable_path/Frameworks",
				);
				MARKETING_VERSION = 1.0;
				PRODUCT_BUNDLE_IDENTIFIER = "gian.Movies-SwiftUI";
				PRODUCT_NAME = "$(TARGET_NAME)";
				SWIFT_EMIT_LOC_STRINGS = YES;
				SWIFT_VERSION = 5.0;
				TARGETED_DEVICE_FAMILY = "1,2";
			};
			name = Release;
		};
		AB28A57B27E4EB170019A330 /* Debug */ = {
			isa = XCBuildConfiguration;
			buildSettings = {
				ALWAYS_EMBED_SWIFT_STANDARD_LIBRARIES = YES;
				BUNDLE_LOADER = "$(TEST_HOST)";
				CODE_SIGN_STYLE = Automatic;
				CURRENT_PROJECT_VERSION = 1;
				GENERATE_INFOPLIST_FILE = YES;
				IPHONEOS_DEPLOYMENT_TARGET = 15.4;
				MARKETING_VERSION = 1.0;
				PRODUCT_BUNDLE_IDENTIFIER = "gian.Movies-SwiftUITests";
				PRODUCT_NAME = "$(TARGET_NAME)";
				SWIFT_EMIT_LOC_STRINGS = NO;
				SWIFT_VERSION = 5.0;
				TARGETED_DEVICE_FAMILY = "1,2";
				TEST_HOST = "$(BUILT_PRODUCTS_DIR)/Movies+SwiftUI.app/Movies+SwiftUI";
			};
			name = Debug;
		};
		AB28A57C27E4EB170019A330 /* Release */ = {
			isa = XCBuildConfiguration;
			buildSettings = {
				ALWAYS_EMBED_SWIFT_STANDARD_LIBRARIES = YES;
				BUNDLE_LOADER = "$(TEST_HOST)";
				CODE_SIGN_STYLE = Automatic;
				CURRENT_PROJECT_VERSION = 1;
				GENERATE_INFOPLIST_FILE = YES;
				IPHONEOS_DEPLOYMENT_TARGET = 15.4;
				MARKETING_VERSION = 1.0;
				PRODUCT_BUNDLE_IDENTIFIER = "gian.Movies-SwiftUITests";
				PRODUCT_NAME = "$(TARGET_NAME)";
				SWIFT_EMIT_LOC_STRINGS = NO;
				SWIFT_VERSION = 5.0;
				TARGETED_DEVICE_FAMILY = "1,2";
				TEST_HOST = "$(BUILT_PRODUCTS_DIR)/Movies+SwiftUI.app/Movies+SwiftUI";
			};
			name = Release;
		};
		AB28A57E27E4EB170019A330 /* Debug */ = {
			isa = XCBuildConfiguration;
			buildSettings = {
				ALWAYS_EMBED_SWIFT_STANDARD_LIBRARIES = YES;
				CODE_SIGN_STYLE = Automatic;
				CURRENT_PROJECT_VERSION = 1;
				GENERATE_INFOPLIST_FILE = YES;
				MARKETING_VERSION = 1.0;
				PRODUCT_BUNDLE_IDENTIFIER = "gian.Movies-SwiftUIUITests";
				PRODUCT_NAME = "$(TARGET_NAME)";
				SWIFT_EMIT_LOC_STRINGS = NO;
				SWIFT_VERSION = 5.0;
				TARGETED_DEVICE_FAMILY = "1,2";
				TEST_TARGET_NAME = "Movies+SwiftUI";
			};
			name = Debug;
		};
		AB28A57F27E4EB170019A330 /* Release */ = {
			isa = XCBuildConfiguration;
			buildSettings = {
				ALWAYS_EMBED_SWIFT_STANDARD_LIBRARIES = YES;
				CODE_SIGN_STYLE = Automatic;
				CURRENT_PROJECT_VERSION = 1;
				GENERATE_INFOPLIST_FILE = YES;
				MARKETING_VERSION = 1.0;
				PRODUCT_BUNDLE_IDENTIFIER = "gian.Movies-SwiftUIUITests";
				PRODUCT_NAME = "$(TARGET_NAME)";
				SWIFT_EMIT_LOC_STRINGS = NO;
				SWIFT_VERSION = 5.0;
				TARGETED_DEVICE_FAMILY = "1,2";
				TEST_TARGET_NAME = "Movies+SwiftUI";
			};
			name = Release;
		};
/* End XCBuildConfiguration section */

/* Begin XCConfigurationList section */
		AB28A54E27E4EB140019A330 /* Build configuration list for PBXProject "Movies+SwiftUI" */ = {
			isa = XCConfigurationList;
			buildConfigurations = (
				AB28A57527E4EB170019A330 /* Debug */,
				AB28A57627E4EB170019A330 /* Release */,
			);
			defaultConfigurationIsVisible = 0;
			defaultConfigurationName = Release;
		};
		AB28A57727E4EB170019A330 /* Build configuration list for PBXNativeTarget "Movies+SwiftUI" */ = {
			isa = XCConfigurationList;
			buildConfigurations = (
				AB28A57827E4EB170019A330 /* Debug */,
				AB28A57927E4EB170019A330 /* Release */,
			);
			defaultConfigurationIsVisible = 0;
			defaultConfigurationName = Release;
		};
		AB28A57A27E4EB170019A330 /* Build configuration list for PBXNativeTarget "Movies+SwiftUITests" */ = {
			isa = XCConfigurationList;
			buildConfigurations = (
				AB28A57B27E4EB170019A330 /* Debug */,
				AB28A57C27E4EB170019A330 /* Release */,
			);
			defaultConfigurationIsVisible = 0;
			defaultConfigurationName = Release;
		};
		AB28A57D27E4EB170019A330 /* Build configuration list for PBXNativeTarget "Movies+SwiftUIUITests" */ = {
			isa = XCConfigurationList;
			buildConfigurations = (
				AB28A57E27E4EB170019A330 /* Debug */,
				AB28A57F27E4EB170019A330 /* Release */,
			);
			defaultConfigurationIsVisible = 0;
			defaultConfigurationName = Release;
		};
/* End XCConfigurationList section */

/* Begin XCRemoteSwiftPackageReference section */
		AB58E92A27EA4B6B00CC3FCB /* XCRemoteSwiftPackageReference "NukeUI" */ = {
			isa = XCRemoteSwiftPackageReference;
			repositoryURL = "https://github.com/kean/NukeUI";
			requirement = {
				branch = main;
				kind = branch;
			};
		};
/* End XCRemoteSwiftPackageReference section */

/* Begin XCSwiftPackageProductDependency section */
		AB58E92B27EA4B6B00CC3FCB /* NukeUI */ = {
			isa = XCSwiftPackageProductDependency;
			package = AB58E92A27EA4B6B00CC3FCB /* XCRemoteSwiftPackageReference "NukeUI" */;
			productName = NukeUI;
		};
/* End XCSwiftPackageProductDependency section */
	};
	rootObject = AB28A54B27E4EB140019A330 /* Project object */;
}
